// !$*UTF8*$!
{
	archiveVersion = 1;
	classes = {
	};
	objectVersion = 50;
	objects = {

/* Begin PBXBuildFile section */
		87F2DA6024CF8EA2009A588B /* AppDelegate.swift in Sources */ = {isa = PBXBuildFile; fileRef = 87F2DA5F24CF8EA2009A588B /* AppDelegate.swift */; };
		87F2DA6224CF8EA2009A588B /* SceneDelegate.swift in Sources */ = {isa = PBXBuildFile; fileRef = 87F2DA6124CF8EA2009A588B /* SceneDelegate.swift */; };
		87F2DA6424CF8EA2009A588B /* ContentView.swift in Sources */ = {isa = PBXBuildFile; fileRef = 87F2DA6324CF8EA2009A588B /* ContentView.swift */; };
		87F2DA6624CF8EB5009A588B /* Assets.xcassets in Resources */ = {isa = PBXBuildFile; fileRef = 87F2DA6524CF8EB5009A588B /* Assets.xcassets */; };
		87F2DA6924CF8EB5009A588B /* Preview Assets.xcassets in Resources */ = {isa = PBXBuildFile; fileRef = 87F2DA6824CF8EB5009A588B /* Preview Assets.xcassets */; };
		87F2DA6C24CF8EB5009A588B /* LaunchScreen.storyboard in Resources */ = {isa = PBXBuildFile; fileRef = 87F2DA6A24CF8EB5009A588B /* LaunchScreen.storyboard */; };
/* End PBXBuildFile section */

/* Begin PBXFileReference section */
		87F2DA5C24CF8EA2009A588B /* Project 1 - Guess the Flag.app */ = {isa = PBXFileReference; explicitFileType = wrapper.application; includeInIndex = 0; path = "Project 1 - Guess the Flag.app"; sourceTree = BUILT_PRODUCTS_DIR; };
		87F2DA5F24CF8EA2009A588B /* AppDelegate.swift */ = {isa = PBXFileReference; lastKnownFileType = sourcecode.swift; path = AppDelegate.swift; sourceTree = "<group>"; };
		87F2DA6124CF8EA2009A588B /* SceneDelegate.swift */ = {isa = PBXFileReference; lastKnownFileType = sourcecode.swift; path = SceneDelegate.swift; sourceTree = "<group>"; };
		87F2DA6324CF8EA2009A588B /* ContentView.swift */ = {isa = PBXFileReference; lastKnownFileType = sourcecode.swift; path = ContentView.swift; sourceTree = "<group>"; };
		87F2DA6524CF8EB5009A588B /* Assets.xcassets */ = {isa = PBXFileReference; lastKnownFileType = folder.assetcatalog; path = Assets.xcassets; sourceTree = "<group>"; };
		87F2DA6824CF8EB5009A588B /* Preview Assets.xcassets */ = {isa = PBXFileReference; lastKnownFileType = folder.assetcatalog; path = "Preview Assets.xcassets"; sourceTree = "<group>"; };
		87F2DA6B24CF8EB5009A588B /* Base */ = {isa = PBXFileReference; lastKnownFileType = file.storyboard; name = Base; path = Base.lproj/LaunchScreen.storyboard; sourceTree = "<group>"; };
		87F2DA6D24CF8EB5009A588B /* Info.plist */ = {isa = PBXFileReference; lastKnownFileType = text.plist.xml; path = Info.plist; sourceTree = "<group>"; };
/* End PBXFileReference section */

/* Begin PBXFrameworksBuildPhase section */
		87F2DA5924CF8EA2009A588B /* Frameworks */ = {
			isa = PBXFrameworksBuildPhase;
			buildActionMask = 2147483647;
			files = (
			);
			runOnlyForDeploymentPostprocessing = 0;
		};
/* End PBXFrameworksBuildPhase section */

/* Begin PBXGroup section */
		87F2DA5324CF8EA2009A588B = {
			isa = PBXGroup;
			children = (
				87F2DA5E24CF8EA2009A588B /* Project 1 - Guess the Flag */,
				87F2DA5D24CF8EA2009A588B /* Products */,
			);
			sourceTree = "<group>";
		};
		87F2DA5D24CF8EA2009A588B /* Products */ = {
			isa = PBXGroup;
			children = (
				87F2DA5C24CF8EA2009A588B /* Project 1 - Guess the Flag.app */,
			);
			name = Products;
			sourceTree = "<group>";
		};
		87F2DA5E24CF8EA2009A588B /* Project 1 - Guess the Flag */ = {
			isa = PBXGroup;
			children = (
				87F2DA5F24CF8EA2009A588B /* AppDelegate.swift */,
				87F2DA6124CF8EA2009A588B /* SceneDelegate.swift */,
				87F2DA6324CF8EA2009A588B /* ContentView.swift */,
				87F2DA6524CF8EB5009A588B /* Assets.xcassets */,
				87F2DA6A24CF8EB5009A588B /* LaunchScreen.storyboard */,
				87F2DA6D24CF8EB5009A588B /* Info.plist */,
				87F2DA6724CF8EB5009A588B /* Preview Content */,
			);
			path = "Project 1 - Guess the Flag";
			sourceTree = "<group>";
		};
		87F2DA6724CF8EB5009A588B /* Preview Content */ = {
			isa = PBXGroup;
			children = (
				87F2DA6824CF8EB5009A588B /* Preview Assets.xcassets */,
			);
			path = "Preview Content";
			sourceTree = "<group>";
		};
/* End PBXGroup section */

/* Begin PBXNativeTarget section */
		87F2DA5B24CF8EA2009A588B /* Project 1 - Guess the Flag */ = {
			isa = PBXNativeTarget;
			buildConfigurationList = 87F2DA7024CF8EB5009A588B /* Build configuration list for PBXNativeTarget "Project 1 - Guess the Flag" */;
			buildPhases = (
				87F2DA5824CF8EA2009A588B /* Sources */,
				87F2DA5924CF8EA2009A588B /* Frameworks */,
				87F2DA5A24CF8EA2009A588B /* Resources */,
			);
			buildRules = (
			);
			dependencies = (
			);
			name = "Project 1 - Guess the Flag";
			productName = "Project 1 - Guess the Flag";
			productReference = 87F2DA5C24CF8EA2009A588B /* Project 1 - Guess the Flag.app */;
			productType = "com.apple.product-type.application";
		};
/* End PBXNativeTarget section */

/* Begin PBXProject section */
		87F2DA5424CF8EA2009A588B /* Project object */ = {
			isa = PBXProject;
			attributes = {
				LastSwiftUpdateCheck = 1150;
				LastUpgradeCheck = 1150;
				ORGANIZATIONNAME = "Dhayaalan Raju";
				TargetAttributes = {
					87F2DA5B24CF8EA2009A588B = {
						CreatedOnToolsVersion = 11.5;
					};
				};
			};
			buildConfigurationList = 87F2DA5724CF8EA2009A588B /* Build configuration list for PBXProject "Project 1 - Guess the Flag" */;
			compatibilityVersion = "Xcode 9.3";
			developmentRegion = en;
			hasScannedForEncodings = 0;
			knownRegions = (
				en,
				Base,
			);
			mainGroup = 87F2DA5324CF8EA2009A588B;
			productRefGroup = 87F2DA5D24CF8EA2009A588B /* Products */;
			projectDirPath = "";
			projectRoot = "";
			targets = (
				87F2DA5B24CF8EA2009A588B /* Project 1 - Guess the Flag */,
			);
		};
/* End PBXProject section */

/* Begin PBXResourcesBuildPhase section */
		87F2DA5A24CF8EA2009A588B /* Resources */ = {
			isa = PBXResourcesBuildPhase;
			buildActionMask = 2147483647;
			files = (
				87F2DA6C24CF8EB5009A588B /* LaunchScreen.storyboard in Resources */,
				87F2DA6924CF8EB5009A588B /* Preview Assets.xcassets in Resources */,
				87F2DA6624CF8EB5009A588B /* Assets.xcassets in Resources */,
			);
			runOnlyForDeploymentPostprocessing = 0;
		};
/* End PBXResourcesBuildPhase section */

/* Begin PBXSourcesBuildPhase section */
		87F2DA5824CF8EA2009A588B /* Sources */ = {
			isa = PBXSourcesBuildPhase;
			buildActionMask = 2147483647;
			files = (
				87F2DA6024CF8EA2009A588B /* AppDelegate.swift in Sources */,
				87F2DA6224CF8EA2009A588B /* SceneDelegate.swift in Sources */,
				87F2DA6424CF8EA2009A588B /* ContentView.swift in Sources */,
			);
			runOnlyForDeploymentPostprocessing = 0;
		};
/* End PBXSourcesBuildPhase section */

/* Begin PBXVariantGroup section */
		87F2DA6A24CF8EB5009A588B /* LaunchScreen.storyboard */ = {
			isa = PBXVariantGroup;
			children = (
				87F2DA6B24CF8EB5009A588B /* Base */,
			);
			name = LaunchScreen.storyboard;
			sourceTree = "<group>";
		};
/* End PBXVariantGroup section */

/* Begin XCBuildConfiguration section */
		87F2DA6E24CF8EB5009A588B /* Debug */ = {
			isa = XCBuildConfiguration;
			buildSettings = {
				ALWAYS_SEARCH_USER_PATHS = NO;
				CLANG_ANALYZER_NONNULL = YES;
				CLANG_ANALYZER_NUMBER_OBJECT_CONVERSION = YES_AGGRESSIVE;
				CLANG_CXX_LANGUAGE_STANDARD = "gnu++14";
				CLANG_CXX_LIBRARY = "libc++";
				CLANG_ENABLE_MODULES = YES;
				CLANG_ENABLE_OBJC_ARC = YES;
				CLANG_ENABLE_OBJC_WEAK = YES;
				CLANG_WARN_BLOCK_CAPTURE_AUTORELEASING = YES;
				CLANG_WARN_BOOL_CONVERSION = YES;
				CLANG_WARN_COMMA = YES;
				CLANG_WARN_CONSTANT_CONVERSION = YES;
				CLANG_WARN_DEPRECATED_OBJC_IMPLEMENTATIONS = YES;
				CLANG_WARN_DIRECT_OBJC_ISA_USAGE = YES_ERROR;
				CLANG_WARN_DOCUMENTATION_COMMENTS = YES;
				CLANG_WARN_EMPTY_BODY = YES;
				CLANG_WARN_ENUM_CONVERSION = YES;
				CLANG_WARN_INFINITE_RECURSION = YES;
				CLANG_WARN_INT_CONVERSION = YES;
				CLANG_WARN_NON_LITERAL_NULL_CONVERSION = YES;
				CLANG_WARN_OBJC_IMPLICIT_RETAIN_SELF = YES;
				CLANG_WARN_OBJC_LITERAL_CONVERSION = YES;
				CLANG_WARN_OBJC_ROOT_CLASS = YES_ERROR;
				CLANG_WARN_RANGE_LOOP_ANALYSIS = YES;
				CLANG_WARN_STRICT_PROTOTYPES = YES;
				CLANG_WARN_SUSPICIOUS_MOVE = YES;
				CLANG_WARN_UNGUARDED_AVAILABILITY = YES_AGGRESSIVE;
				CLANG_WARN_UNREACHABLE_CODE = YES;
				CLANG_WARN__DUPLICATE_METHOD_MATCH = YES;
				COPY_PHASE_STRIP = NO;
				DEBUG_INFORMATION_FORMAT = dwarf;
				ENABLE_STRICT_OBJC_MSGSEND = YES;
				ENABLE_TESTABILITY = YES;
				GCC_C_LANGUAGE_STANDARD = gnu11;
				GCC_DYNAMIC_NO_PIC = NO;
				GCC_NO_COMMON_BLOCKS = YES;
				GCC_OPTIMIZATION_LEVEL = 0;
				GCC_PREPROCESSOR_DEFINITIONS = (
					"DEBUG=1",
					"$(inherited)",
				);
				GCC_WARN_64_TO_32_BIT_CONVERSION = YES;
				GCC_WARN_ABOUT_RETURN_TYPE = YES_ERROR;
				GCC_WARN_UNDECLARED_SELECTOR = YES;
				GCC_WARN_UNINITIALIZED_AUTOS = YES_AGGRESSIVE;
				GCC_WARN_UNUSED_FUNCTION = YES;
				GCC_WARN_UNUSED_VARIABLE = YES;
				IPHONEOS_DEPLOYMENT_TARGET = 13.5;
				MTL_ENABLE_DEBUG_INFO = INCLUDE_SOURCE;
				MTL_FAST_MATH = YES;
				ONLY_ACTIVE_ARCH = YES;
				SDKROOT = iphoneos;
				SWIFT_ACTIVE_COMPILATION_CONDITIONS = DEBUG;
				SWIFT_OPTIMIZATION_LEVEL = "-Onone";
			};
			name = Debug;
		};
		87F2DA6F24CF8EB5009A588B /* Release */ = {
			isa = XCBuildConfiguration;
			buildSettings = {
				ALWAYS_SEARCH_USER_PATHS = NO;
				CLANG_ANALYZER_NONNULL = YES;
				CLANG_ANALYZER_NUMBER_OBJECT_CONVERSION = YES_AGGRESSIVE;
				CLANG_CXX_LANGUAGE_STANDARD = "gnu++14";
				CLANG_CXX_LIBRARY = "libc++";
				CLANG_ENABLE_MODULES = YES;
				CLANG_ENABLE_OBJC_ARC = YES;
				CLANG_ENABLE_OBJC_WEAK = YES;
				CLANG_WARN_BLOCK_CAPTURE_AUTORELEASING = YES;
				CLANG_WARN_BOOL_CONVERSION = YES;
				CLANG_WARN_COMMA = YES;
				CLANG_WARN_CONSTANT_CONVERSION = YES;
				CLANG_WARN_DEPRECATED_OBJC_IMPLEMENTATIONS = YES;
				CLANG_WARN_DIRECT_OBJC_ISA_USAGE = YES_ERROR;
				CLANG_WARN_DOCUMENTATION_COMMENTS = YES;
				CLANG_WARN_EMPTY_BODY = YES;
				CLANG_WARN_ENUM_CONVERSION = YES;
				CLANG_WARN_INFINITE_RECURSION = YES;
				CLANG_WARN_INT_CONVERSION = YES;
				CLANG_WARN_NON_LITERAL_NULL_CONVERSION = YES;
				CLANG_WARN_OBJC_IMPLICIT_RETAIN_SELF = YES;
				CLANG_WARN_OBJC_LITERAL_CONVERSION = YES;
				CLANG_WARN_OBJC_ROOT_CLASS = YES_ERROR;
				CLANG_WARN_RANGE_LOOP_ANALYSIS = YES;
				CLANG_WARN_STRICT_PROTOTYPES = YES;
				CLANG_WARN_SUSPICIOUS_MOVE = YES;
				CLANG_WARN_UNGUARDED_AVAILABILITY = YES_AGGRESSIVE;
				CLANG_WARN_UNREACHABLE_CODE = YES;
				CLANG_WARN__DUPLICATE_METHOD_MATCH = YES;
				COPY_PHASE_STRIP = NO;
				DEBUG_INFORMATION_FORMAT = "dwarf-with-dsym";
				ENABLE_NS_ASSERTIONS = NO;
				ENABLE_STRICT_OBJC_MSGSEND = YES;
				GCC_C_LANGUAGE_STANDARD = gnu11;
				GCC_NO_COMMON_BLOCKS = YES;
				GCC_WARN_64_TO_32_BIT_CONVERSION = YES;
				GCC_WARN_ABOUT_RETURN_TYPE = YES_ERROR;
				GCC_WARN_UNDECLARED_SELECTOR = YES;
				GCC_WARN_UNINITIALIZED_AUTOS = YES_AGGRESSIVE;
				GCC_WARN_UNUSED_FUNCTION = YES;
				GCC_WARN_UNUSED_VARIABLE = YES;
				IPHONEOS_DEPLOYMENT_TARGET = 13.5;
				MTL_ENABLE_DEBUG_INFO = NO;
				MTL_FAST_MATH = YES;
				SDKROOT = iphoneos;
				SWIFT_COMPILATION_MODE = wholemodule;
				SWIFT_OPTIMIZATION_LEVEL = "-O";
				VALIDATE_PRODUCT = YES;
			};
			name = Release;
		};
		87F2DA7124CF8EB5009A588B /* Debug */ = {
			isa = XCBuildConfiguration;
			buildSettings = {
				ASSETCATALOG_COMPILER_APPICON_NAME = AppIcon;
				CODE_SIGN_STYLE = Automatic;
				DEVELOPMENT_ASSET_PATHS = "\"Project 1 - Guess the Flag/Preview Content\"";
				ENABLE_PREVIEWS = YES;
				INFOPLIST_FILE = "Project 1 - Guess the Flag/Info.plist";
				LD_RUNPATH_SEARCH_PATHS = (
					"$(inherited)",
					"@executable_path/Frameworks",
				);
				PRODUCT_BUNDLE_IDENTIFIER = "IvyMoblity.Project-1---Guess-the-Flag";
				PRODUCT_NAME = "$(TARGET_NAME)";
				SWIFT_VERSION = 5.0;
				TARGETED_DEVICE_FAMILY = "1,2";
			};
			name = Debug;
		};
		87F2DA7224CF8EB5009A588B /* Release */ = {
			isa = XCBuildConfiguration;
			buildSettings = {
				ASSETCATALOG_COMPILER_APPICON_NAME = AppIcon;
				CODE_SIGN_STYLE = Automatic;
				DEVELOPMENT_ASSET_PATHS = "\"Project 1 - Guess the Flag/Preview Content\"";
				ENABLE_PREVIEWS = YES;
				INFOPLIST_FILE = "Project 1 - Guess the Flag/Info.plist";
				LD_RUNPATH_SEARCH_PATHS = (
					"$(inherited)",
					"@executable_path/Frameworks",
				);
				PRODUCT_BUNDLE_IDENTIFIER = "IvyMoblity.Project-1---Guess-the-Flag";
				PRODUCT_NAME = "$(TARGET_NAME)";
				SWIFT_VERSION = 5.0;
				TARGETED_DEVICE_FAMILY = "1,2";
			};
			name = Release;
		};
/* End XCBuildConfiguration section */

/* Begin XCConfigurationList section */
		87F2DA5724CF8EA2009A588B /* Build configuration list for PBXProject "Project 1 - Guess the Flag" */ = {
			isa = XCConfigurationList;
			buildConfigurations = (
				87F2DA6E24CF8EB5009A588B /* Debug */,
				87F2DA6F24CF8EB5009A588B /* Release */,
			);
			defaultConfigurationIsVisible = 0;
			defaultConfigurationName = Release;
		};
		87F2DA7024CF8EB5009A588B /* Build configuration list for PBXNativeTarget "Project 1 - Guess the Flag" */ = {
			isa = XCConfigurationList;
			buildConfigurations = (
				87F2DA7124CF8EB5009A588B /* Debug */,
				87F2DA7224CF8EB5009A588B /* Release */,
			);
			defaultConfigurationIsVisible = 0;
			defaultConfigurationName = Release;
		};
/* End XCConfigurationList section */
	};
	rootObject = 87F2DA5424CF8EA2009A588B /* Project object */;
}
